
Microsoft Visual Studio Solution File, Format Version 12.00
# Visual Studio 15
VisualStudioVersion = 15.0.28010.2050
MinimumVisualStudioVersion = 10.0.40219.1
Project("{FAE04EC0-301F-11D3-BF4B-00C04F79EFBC}") = "meac", "meac.csproj", "{9551E428-52E5-4388-8D2F-393B989D700D}"
EndProject
Global
	GlobalSection(SolutionConfigurationPlatforms) = preSolution
		Debug|Any CPU = Debug|Any CPU
		Release|Any CPU = Release|Any CPU
	EndGlobalSection
	GlobalSection(ProjectConfigurationPlatforms) = postSolution
		{9551E428-52E5-4388-8D2F-393B989D700D}.Debug|Any CPU.ActiveCfg = Debug|Any CPU
		{9551E428-52E5-4388-8D2F-393B989D700D}.Debug|Any CPU.Build.0 = Debug|Any CPU
		{9551E428-52E5-4388-8D2F-393B989D700D}.Release|Any CPU.ActiveCfg = Release|Any CPU
		{9551E428-52E5-4388-8D2F-393B989D700D}.Release|Any CPU.Build.0 = Release|Any CPU
	EndGlobalSection
	GlobalSection(SolutionProperties) = preSolution
		HideSolutionNode = FALSE
	EndGlobalSection
	GlobalSection(ExtensibilityGlobals) = postSolution
		SolutionGuid = {979CEC4F-6D34-4618-BA4C-11C9FD535F0E}
	EndGlobalSection
EndGlobal
