
Microsoft Visual Studio Solution File, Format Version 12.00
# Visual Studio 15
VisualStudioVersion = 15.0.28307.1082
MinimumVisualStudioVersion = 10.0.40219.1
Project("{FAE04EC0-301F-11D3-BF4B-00C04F79EFBC}") = "ExpressionsandStatementsExamples", "ExpressionsandStatementsExamples.csproj", "{AC1F8CFF-5DC2-4C01-B7CC-9440A55AA217}"
EndProject
Global
	GlobalSection(SolutionConfigurationPlatforms) = preSolution
		Debug|Any CPU = Debug|Any CPU
		Release|Any CPU = Release|Any CPU
	EndGlobalSection
	GlobalSection(ProjectConfigurationPlatforms) = postSolution
		{AC1F8CFF-5DC2-4C01-B7CC-9440A55AA217}.Debug|Any CPU.ActiveCfg = Debug|Any CPU
		{AC1F8CFF-5DC2-4C01-B7CC-9440A55AA217}.Debug|Any CPU.Build.0 = Debug|Any CPU
		{AC1F8CFF-5DC2-4C01-B7CC-9440A55AA217}.Release|Any CPU.ActiveCfg = Release|Any CPU
		{AC1F8CFF-5DC2-4C01-B7CC-9440A55AA217}.Release|Any CPU.Build.0 = Release|Any CPU
	EndGlobalSection
	GlobalSection(SolutionProperties) = preSolution
		HideSolutionNode = FALSE
	EndGlobalSection
	GlobalSection(ExtensibilityGlobals) = postSolution
		SolutionGuid = {1E2C7D24-BC04-484C-B450-5173E18D2A67}
	EndGlobalSection
EndGlobal
