
Microsoft Visual Studio Solution File, Format Version 12.00
# Visual Studio 15
VisualStudioVersion = 15.0.28307.1082
MinimumVisualStudioVersion = 10.0.40219.1
Project("{FAE04EC0-301F-11D3-BF4B-00C04F79EFBC}") = "HashtableClass", "HashtableClass.csproj", "{A582A364-41B9-4438-A235-BD6002E846CC}"
EndProject
Global
	GlobalSection(SolutionConfigurationPlatforms) = preSolution
		Debug|Any CPU = Debug|Any CPU
		Release|Any CPU = Release|Any CPU
	EndGlobalSection
	GlobalSection(ProjectConfigurationPlatforms) = postSolution
		{A582A364-41B9-4438-A235-BD6002E846CC}.Debug|Any CPU.ActiveCfg = Debug|Any CPU
		{A582A364-41B9-4438-A235-BD6002E846CC}.Debug|Any CPU.Build.0 = Debug|Any CPU
		{A582A364-41B9-4438-A235-BD6002E846CC}.Release|Any CPU.ActiveCfg = Release|Any CPU
		{A582A364-41B9-4438-A235-BD6002E846CC}.Release|Any CPU.Build.0 = Release|Any CPU
	EndGlobalSection
	GlobalSection(SolutionProperties) = preSolution
		HideSolutionNode = FALSE
	EndGlobalSection
	GlobalSection(ExtensibilityGlobals) = postSolution
		SolutionGuid = {99C6ECED-C950-408D-8518-EBEB0343659D}
	EndGlobalSection
EndGlobal
