
Microsoft Visual Studio Solution File, Format Version 12.00
# Visual Studio 15
VisualStudioVersion = 15.0.28010.2050
MinimumVisualStudioVersion = 10.0.40219.1
Project("{FAE04EC0-301F-11D3-BF4B-00C04F79EFBC}") = "Value Types", "Value Types.csproj", "{76C5903E-AF26-4024-A787-F8181E16129D}"
EndProject
Global
	GlobalSection(SolutionConfigurationPlatforms) = preSolution
		Debug|Any CPU = Debug|Any CPU
		Release|Any CPU = Release|Any CPU
	EndGlobalSection
	GlobalSection(ProjectConfigurationPlatforms) = postSolution
		{76C5903E-AF26-4024-A787-F8181E16129D}.Debug|Any CPU.ActiveCfg = Debug|Any CPU
		{76C5903E-AF26-4024-A787-F8181E16129D}.Debug|Any CPU.Build.0 = Debug|Any CPU
		{76C5903E-AF26-4024-A787-F8181E16129D}.Release|Any CPU.ActiveCfg = Release|Any CPU
		{76C5903E-AF26-4024-A787-F8181E16129D}.Release|Any CPU.Build.0 = Release|Any CPU
	EndGlobalSection
	GlobalSection(SolutionProperties) = preSolution
		HideSolutionNode = FALSE
	EndGlobalSection
	GlobalSection(ExtensibilityGlobals) = postSolution
		SolutionGuid = {1B290856-F8D4-48DB-94A2-CF77D5D010FC}
	EndGlobalSection
EndGlobal
