
Microsoft Visual Studio Solution File, Format Version 12.00
# Visual Studio 15
VisualStudioVersion = 15.0.28307.1082
MinimumVisualStudioVersion = 10.0.40219.1
Project("{FAE04EC0-301F-11D3-BF4B-00C04F79EFBC}") = "ArrayType", "ArrayType.csproj", "{ABED3F95-5208-41F9-9A80-39186247DD48}"
EndProject
Global
	GlobalSection(SolutionConfigurationPlatforms) = preSolution
		Debug|Any CPU = Debug|Any CPU
		Release|Any CPU = Release|Any CPU
	EndGlobalSection
	GlobalSection(ProjectConfigurationPlatforms) = postSolution
		{ABED3F95-5208-41F9-9A80-39186247DD48}.Debug|Any CPU.ActiveCfg = Debug|Any CPU
		{ABED3F95-5208-41F9-9A80-39186247DD48}.Debug|Any CPU.Build.0 = Debug|Any CPU
		{ABED3F95-5208-41F9-9A80-39186247DD48}.Release|Any CPU.ActiveCfg = Release|Any CPU
		{ABED3F95-5208-41F9-9A80-39186247DD48}.Release|Any CPU.Build.0 = Release|Any CPU
	EndGlobalSection
	GlobalSection(SolutionProperties) = preSolution
		HideSolutionNode = FALSE
	EndGlobalSection
	GlobalSection(ExtensibilityGlobals) = postSolution
		SolutionGuid = {D87B6DA2-087D-475F-BF86-4B3F9CDF5F73}
	EndGlobalSection
EndGlobal
